
Microsoft Visual Studio Solution File, Format Version 12.00
# Visual Studio Version 16
VisualStudioVersion = 16.0.31702.278
MinimumVisualStudioVersion = 10.0.40219.1
Project("{9A19103F-16F7-4668-BE54-9A1E7A4F7556}") = "Common", "Common\Common.csproj", "{8AEFAA95-641C-4466-ADE3-A30622A789D0}"
EndProject
Project("{9A19103F-16F7-4668-BE54-9A1E7A4F7556}") = "Demo", "Demo\Demo.csproj", "{52E4D6D2-764A-4675-8E26-B5719DE24634}"
EndProject
Global
	GlobalSection(SolutionConfigurationPlatforms) = preSolution
		Debug|Any CPU = Debug|Any CPU
		Release|Any CPU = Release|Any CPU
	EndGlobalSection
	GlobalSection(ProjectConfigurationPlatforms) = postSolution
		{8AEFAA95-641C-4466-ADE3-A30622A789D0}.Debug|Any CPU.ActiveCfg = Debug|Any CPU
		{8AEFAA95-641C-4466-ADE3-A30622A789D0}.Debug|Any CPU.Build.0 = Debug|Any CPU
		{8AEFAA95-641C-4466-ADE3-A30622A789D0}.Release|Any CPU.ActiveCfg = Release|Any CPU
		{8AEFAA95-641C-4466-ADE3-A30622A789D0}.Release|Any CPU.Build.0 = Release|Any CPU
		{52E4D6D2-764A-4675-8E26-B5719DE24634}.Debug|Any CPU.ActiveCfg = Debug|Any CPU
		{52E4D6D2-764A-4675-8E26-B5719DE24634}.Debug|Any CPU.Build.0 = Debug|Any CPU
		{52E4D6D2-764A-4675-8E26-B5719DE24634}.Release|Any CPU.ActiveCfg = Release|Any CPU
		{52E4D6D2-764A-4675-8E26-B5719DE24634}.Release|Any CPU.Build.0 = Release|Any CPU
	EndGlobalSection
	GlobalSection(SolutionProperties) = preSolution
		HideSolutionNode = FALSE
	EndGlobalSection
	GlobalSection(ExtensibilityGlobals) = postSolution
		SolutionGuid = {9C47EBAF-380E-4554-B2B8-288AC82B93AB}
	EndGlobalSection
EndGlobal
